// !$*UTF8*$!
{
	archiveVersion = 1;
	classes = {
	};
	objectVersion = 46;
	objects = {

/* Begin PBXBuildFile section */
		AC4B580D16DE3F7D004FBB64 /* UIKit.framework in Frameworks */ = {isa = PBXBuildFile; fileRef = AC4B580C16DE3F7D004FBB64 /* UIKit.framework */; };
		AC4B580F16DE3F7D004FBB64 /* Foundation.framework in Frameworks */ = {isa = PBXBuildFile; fileRef = AC4B580E16DE3F7D004FBB64 /* Foundation.framework */; };
		AC4B581116DE3F7D004FBB64 /* CoreGraphics.framework in Frameworks */ = {isa = PBXBuildFile; fileRef = AC4B581016DE3F7D004FBB64 /* CoreGraphics.framework */; };
		AC4B581716DE3F7D004FBB64 /* InfoPlist.strings in Resources */ = {isa = PBXBuildFile; fileRef = AC4B581516DE3F7D004FBB64 /* InfoPlist.strings */; };
		AC4B581916DE3F7D004FBB64 /* main.m in Sources */ = {isa = PBXBuildFile; fileRef = AC4B581816DE3F7D004FBB64 /* main.m */; };
		AC4B581D16DE3F7D004FBB64 /* CardGameAppDelegate.m in Sources */ = {isa = PBXBuildFile; fileRef = AC4B581C16DE3F7D004FBB64 /* CardGameAppDelegate.m */; };
		AC4B581F16DE3F7D004FBB64 /* Default.png in Resources */ = {isa = PBXBuildFile; fileRef = AC4B581E16DE3F7D004FBB64 /* Default.png */; };
		AC4B582116DE3F7D004FBB64 /* Default@2x.png in Resources */ = {isa = PBXBuildFile; fileRef = AC4B582016DE3F7D004FBB64 /* Default@2x.png */; };
		AC4B582316DE3F7D004FBB64 /* Default-568h@2x.png in Resources */ = {isa = PBXBuildFile; fileRef = AC4B582216DE3F7D004FBB64 /* Default-568h@2x.png */; };
		AC4B582616DE3F7D004FBB64 /* MainStoryboard.storyboard in Resources */ = {isa = PBXBuildFile; fileRef = AC4B582416DE3F7D004FBB64 /* MainStoryboard.storyboard */; };
		AC4B582916DE3F7D004FBB64 /* CardGameViewController.m in Sources */ = {isa = PBXBuildFile; fileRef = AC4B582816DE3F7D004FBB64 /* CardGameViewController.m */; };
		ACDFC30416DF8F1D00A354B9 /* Card.m in Sources */ = {isa = PBXBuildFile; fileRef = ACDFC30316DF8F1D00A354B9 /* Card.m */; };
		ACDFC30916DF8FD000A354B9 /* Deck.m in Sources */ = {isa = PBXBuildFile; fileRef = ACDFC30816DF8FD000A354B9 /* Deck.m */; };
		ACDFC30C16DF901900A354B9 /* PlayingCard.m in Sources */ = {isa = PBXBuildFile; fileRef = ACDFC30B16DF901900A354B9 /* PlayingCard.m */; };
		ACDFC30F16DF903A00A354B9 /* PlayingDeck.m in Sources */ = {isa = PBXBuildFile; fileRef = ACDFC30E16DF903A00A354B9 /* PlayingDeck.m */; };
/* End PBXBuildFile section */

/* Begin PBXFileReference section */
		AC4B580816DE3F7D004FBB64 /* Matchismo.app */ = {isa = PBXFileReference; explicitFileType = wrapper.application; includeInIndex = 0; path = Matchismo.app; sourceTree = BUILT_PRODUCTS_DIR; };
		AC4B580C16DE3F7D004FBB64 /* UIKit.framework */ = {isa = PBXFileReference; lastKnownFileType = wrapper.framework; name = UIKit.framework; path = System/Library/Frameworks/UIKit.framework; sourceTree = SDKROOT; };
		AC4B580E16DE3F7D004FBB64 /* Foundation.framework */ = {isa = PBXFileReference; lastKnownFileType = wrapper.framework; name = Foundation.framework; path = System/Library/Frameworks/Foundation.framework; sourceTree = SDKROOT; };
		AC4B581016DE3F7D004FBB64 /* CoreGraphics.framework */ = {isa = PBXFileReference; lastKnownFileType = wrapper.framework; name = CoreGraphics.framework; path = System/Library/Frameworks/CoreGraphics.framework; sourceTree = SDKROOT; };
		AC4B581416DE3F7D004FBB64 /* Matchismo-Info.plist */ = {isa = PBXFileReference; lastKnownFileType = text.plist.xml; path = "Matchismo-Info.plist"; sourceTree = "<group>"; };
		AC4B581616DE3F7D004FBB64 /* en */ = {isa = PBXFileReference; lastKnownFileType = text.plist.strings; name = en; path = en.lproj/InfoPlist.strings; sourceTree = "<group>"; };
		AC4B581816DE3F7D004FBB64 /* main.m */ = {isa = PBXFileReference; lastKnownFileType = sourcecode.c.objc; path = main.m; sourceTree = "<group>"; };
		AC4B581A16DE3F7D004FBB64 /* Matchismo-Prefix.pch */ = {isa = PBXFileReference; lastKnownFileType = sourcecode.c.h; path = "Matchismo-Prefix.pch"; sourceTree = "<group>"; };
		AC4B581B16DE3F7D004FBB64 /* CardGameAppDelegate.h */ = {isa = PBXFileReference; lastKnownFileType = sourcecode.c.h; path = CardGameAppDelegate.h; sourceTree = "<group>"; };
		AC4B581C16DE3F7D004FBB64 /* CardGameAppDelegate.m */ = {isa = PBXFileReference; lastKnownFileType = sourcecode.c.objc; path = CardGameAppDelegate.m; sourceTree = "<group>"; };
		AC4B581E16DE3F7D004FBB64 /* Default.png */ = {isa = PBXFileReference; lastKnownFileType = image.png; path = Default.png; sourceTree = "<group>"; };
		AC4B582016DE3F7D004FBB64 /* Default@2x.png */ = {isa = PBXFileReference; lastKnownFileType = image.png; path = "Default@2x.png"; sourceTree = "<group>"; };
		AC4B582216DE3F7D004FBB64 /* Default-568h@2x.png */ = {isa = PBXFileReference; lastKnownFileType = image.png; path = "Default-568h@2x.png"; sourceTree = "<group>"; };
		AC4B582516DE3F7D004FBB64 /* en */ = {isa = PBXFileReference; lastKnownFileType = file.storyboard; name = en; path = en.lproj/MainStoryboard.storyboard; sourceTree = "<group>"; };
		AC4B582716DE3F7D004FBB64 /* CardGameViewController.h */ = {isa = PBXFileReference; lastKnownFileType = sourcecode.c.h; path = CardGameViewController.h; sourceTree = "<group>"; };
		AC4B582816DE3F7D004FBB64 /* CardGameViewController.m */ = {isa = PBXFileReference; lastKnownFileType = sourcecode.c.objc; path = CardGameViewController.m; sourceTree = "<group>"; };
		ACDFC30216DF8F1D00A354B9 /* Card.h */ = {isa = PBXFileReference; fileEncoding = 4; lastKnownFileType = sourcecode.c.h; name = Card.h; path = Model/Card.h; sourceTree = "<group>"; };
		ACDFC30316DF8F1D00A354B9 /* Card.m */ = {isa = PBXFileReference; fileEncoding = 4; lastKnownFileType = sourcecode.c.objc; name = Card.m; path = Model/Card.m; sourceTree = "<group>"; };
		ACDFC30716DF8FD000A354B9 /* Deck.h */ = {isa = PBXFileReference; fileEncoding = 4; lastKnownFileType = sourcecode.c.h; name = Deck.h; path = Model/Deck.h; sourceTree = "<group>"; };
		ACDFC30816DF8FD000A354B9 /* Deck.m */ = {isa = PBXFileReference; fileEncoding = 4; lastKnownFileType = sourcecode.c.objc; name = Deck.m; path = Model/Deck.m; sourceTree = "<group>"; };
		ACDFC30A16DF901900A354B9 /* PlayingCard.h */ = {isa = PBXFileReference; fileEncoding = 4; lastKnownFileType = sourcecode.c.h; name = PlayingCard.h; path = Model/PlayingCard.h; sourceTree = "<group>"; };
		ACDFC30B16DF901900A354B9 /* PlayingCard.m */ = {isa = PBXFileReference; fileEncoding = 4; lastKnownFileType = sourcecode.c.objc; name = PlayingCard.m; path = Model/PlayingCard.m; sourceTree = "<group>"; };
		ACDFC30D16DF903A00A354B9 /* PlayingDeck.h */ = {isa = PBXFileReference; fileEncoding = 4; lastKnownFileType = sourcecode.c.h; name = PlayingDeck.h; path = Model/PlayingDeck.h; sourceTree = "<group>"; };
		ACDFC30E16DF903A00A354B9 /* PlayingDeck.m */ = {isa = PBXFileReference; fileEncoding = 4; lastKnownFileType = sourcecode.c.objc; name = PlayingDeck.m; path = Model/PlayingDeck.m; sourceTree = "<group>"; };
/* End PBXFileReference section */

/* Begin PBXFrameworksBuildPhase section */
		AC4B580516DE3F7D004FBB64 /* Frameworks */ = {
			isa = PBXFrameworksBuildPhase;
			buildActionMask = 2147483647;
			files = (
				AC4B580D16DE3F7D004FBB64 /* UIKit.framework in Frameworks */,
				AC4B580F16DE3F7D004FBB64 /* Foundation.framework in Frameworks */,
				AC4B581116DE3F7D004FBB64 /* CoreGraphics.framework in Frameworks */,
			);
			runOnlyForDeploymentPostprocessing = 0;
		};
/* End PBXFrameworksBuildPhase section */

/* Begin PBXGroup section */
		AC4B57FD16DE3F7C004FBB64 = {
			isa = PBXGroup;
			children = (
				AC4B581216DE3F7D004FBB64 /* Matchismo */,
				AC4B580B16DE3F7D004FBB64 /* Frameworks */,
				AC4B580916DE3F7D004FBB64 /* Products */,
			);
			sourceTree = "<group>";
		};
		AC4B580916DE3F7D004FBB64 /* Products */ = {
			isa = PBXGroup;
			children = (
				AC4B580816DE3F7D004FBB64 /* Matchismo.app */,
			);
			name = Products;
			sourceTree = "<group>";
		};
		AC4B580B16DE3F7D004FBB64 /* Frameworks */ = {
			isa = PBXGroup;
			children = (
				AC4B580C16DE3F7D004FBB64 /* UIKit.framework */,
				AC4B580E16DE3F7D004FBB64 /* Foundation.framework */,
				AC4B581016DE3F7D004FBB64 /* CoreGraphics.framework */,
			);
			name = Frameworks;
			sourceTree = "<group>";
		};
		AC4B581216DE3F7D004FBB64 /* Matchismo */ = {
			isa = PBXGroup;
			children = (
				AC4B581B16DE3F7D004FBB64 /* CardGameAppDelegate.h */,
				AC4B581C16DE3F7D004FBB64 /* CardGameAppDelegate.m */,
				AC4B582416DE3F7D004FBB64 /* MainStoryboard.storyboard */,
				ACDFC30616DF8F6300A354B9 /* Model */,
				AC4B582716DE3F7D004FBB64 /* CardGameViewController.h */,
				AC4B582816DE3F7D004FBB64 /* CardGameViewController.m */,
				AC4B581316DE3F7D004FBB64 /* Supporting Files */,
			);
			path = Matchismo;
			sourceTree = "<group>";
		};
		AC4B581316DE3F7D004FBB64 /* Supporting Files */ = {
			isa = PBXGroup;
			children = (
				AC4B581416DE3F7D004FBB64 /* Matchismo-Info.plist */,
				AC4B581516DE3F7D004FBB64 /* InfoPlist.strings */,
				AC4B581816DE3F7D004FBB64 /* main.m */,
				AC4B581A16DE3F7D004FBB64 /* Matchismo-Prefix.pch */,
				AC4B581E16DE3F7D004FBB64 /* Default.png */,
				AC4B582016DE3F7D004FBB64 /* Default@2x.png */,
				AC4B582216DE3F7D004FBB64 /* Default-568h@2x.png */,
			);
			name = "Supporting Files";
			sourceTree = "<group>";
		};
		ACDFC30616DF8F6300A354B9 /* Model */ = {
			isa = PBXGroup;
			children = (
				ACDFC30216DF8F1D00A354B9 /* Card.h */,
				ACDFC30316DF8F1D00A354B9 /* Card.m */,
				ACDFC30716DF8FD000A354B9 /* Deck.h */,
				ACDFC30816DF8FD000A354B9 /* Deck.m */,
				ACDFC30A16DF901900A354B9 /* PlayingCard.h */,
				ACDFC30B16DF901900A354B9 /* PlayingCard.m */,
				ACDFC30D16DF903A00A354B9 /* PlayingDeck.h */,
				ACDFC30E16DF903A00A354B9 /* PlayingDeck.m */,
			);
			name = Model;
			sourceTree = "<group>";
		};
/* End PBXGroup section */

/* Begin PBXNativeTarget section */
		AC4B580716DE3F7D004FBB64 /* Matchismo */ = {
			isa = PBXNativeTarget;
			buildConfigurationList = AC4B582C16DE3F7D004FBB64 /* Build configuration list for PBXNativeTarget "Matchismo" */;
			buildPhases = (
				AC4B580416DE3F7D004FBB64 /* Sources */,
				AC4B580516DE3F7D004FBB64 /* Frameworks */,
				AC4B580616DE3F7D004FBB64 /* Resources */,
			);
			buildRules = (
			);
			dependencies = (
			);
			name = Matchismo;
			productName = Matchismo;
			productReference = AC4B580816DE3F7D004FBB64 /* Matchismo.app */;
			productType = "com.apple.product-type.application";
		};
/* End PBXNativeTarget section */

/* Begin PBXProject section */
		AC4B57FF16DE3F7C004FBB64 /* Project object */ = {
			isa = PBXProject;
			attributes = {
				CLASSPREFIX = CardGame;
				LastUpgradeCheck = 0450;
				ORGANIZATIONNAME = TruePath;
			};
			buildConfigurationList = AC4B580216DE3F7D004FBB64 /* Build configuration list for PBXProject "Matchismo" */;
			compatibilityVersion = "Xcode 3.2";
			developmentRegion = English;
			hasScannedForEncodings = 0;
			knownRegions = (
				en,
			);
			mainGroup = AC4B57FD16DE3F7C004FBB64;
			productRefGroup = AC4B580916DE3F7D004FBB64 /* Products */;
			projectDirPath = "";
			projectRoot = "";
			targets = (
				AC4B580716DE3F7D004FBB64 /* Matchismo */,
			);
		};
/* End PBXProject section */

/* Begin PBXResourcesBuildPhase section */
		AC4B580616DE3F7D004FBB64 /* Resources */ = {
			isa = PBXResourcesBuildPhase;
			buildActionMask = 2147483647;
			files = (
				AC4B581716DE3F7D004FBB64 /* InfoPlist.strings in Resources */,
				AC4B581F16DE3F7D004FBB64 /* Default.png in Resources */,
				AC4B582116DE3F7D004FBB64 /* Default@2x.png in Resources */,
				AC4B582316DE3F7D004FBB64 /* Default-568h@2x.png in Resources */,
				AC4B582616DE3F7D004FBB64 /* MainStoryboard.storyboard in Resources */,
			);
			runOnlyForDeploymentPostprocessing = 0;
		};
/* End PBXResourcesBuildPhase section */

/* Begin PBXSourcesBuildPhase section */
		AC4B580416DE3F7D004FBB64 /* Sources */ = {
			isa = PBXSourcesBuildPhase;
			buildActionMask = 2147483647;
			files = (
				AC4B581916DE3F7D004FBB64 /* main.m in Sources */,
				AC4B581D16DE3F7D004FBB64 /* CardGameAppDelegate.m in Sources */,
				AC4B582916DE3F7D004FBB64 /* CardGameViewController.m in Sources */,
				ACDFC30416DF8F1D00A354B9 /* Card.m in Sources */,
				ACDFC30916DF8FD000A354B9 /* Deck.m in Sources */,
				ACDFC30C16DF901900A354B9 /* PlayingCard.m in Sources */,
				ACDFC30F16DF903A00A354B9 /* PlayingDeck.m in Sources */,
			);
			runOnlyForDeploymentPostprocessing = 0;
		};
/* End PBXSourcesBuildPhase section */

/* Begin PBXVariantGroup section */
		AC4B581516DE3F7D004FBB64 /* InfoPlist.strings */ = {
			isa = PBXVariantGroup;
			children = (
				AC4B581616DE3F7D004FBB64 /* en */,
			);
			name = InfoPlist.strings;
			sourceTree = "<group>";
		};
		AC4B582416DE3F7D004FBB64 /* MainStoryboard.storyboard */ = {
			isa = PBXVariantGroup;
			children = (
				AC4B582516DE3F7D004FBB64 /* en */,
			);
			name = MainStoryboard.storyboard;
			sourceTree = "<group>";
		};
/* End PBXVariantGroup section */

/* Begin XCBuildConfiguration section */
		AC4B582A16DE3F7D004FBB64 /* Debug */ = {
			isa = XCBuildConfiguration;
			buildSettings = {
				ALWAYS_SEARCH_USER_PATHS = NO;
				CLANG_CXX_LANGUAGE_STANDARD = "gnu++0x";
				CLANG_CXX_LIBRARY = "libc++";
				CLANG_ENABLE_OBJC_ARC = YES;
				CLANG_WARN_EMPTY_BODY = YES;
				CLANG_WARN__DUPLICATE_METHOD_MATCH = YES;
				"CODE_SIGN_IDENTITY[sdk=iphoneos*]" = "iPhone Developer";
				COPY_PHASE_STRIP = NO;
				GCC_C_LANGUAGE_STANDARD = gnu99;
				GCC_DYNAMIC_NO_PIC = NO;
				GCC_OPTIMIZATION_LEVEL = 0;
				GCC_PREPROCESSOR_DEFINITIONS = (
					"DEBUG=1",
					"$(inherited)",
				);
				GCC_SYMBOLS_PRIVATE_EXTERN = NO;
				GCC_WARN_ABOUT_RETURN_TYPE = YES;
				GCC_WARN_UNINITIALIZED_AUTOS = YES;
				GCC_WARN_UNUSED_VARIABLE = YES;
				IPHONEOS_DEPLOYMENT_TARGET = 6.0;
				ONLY_ACTIVE_ARCH = YES;
				SDKROOT = iphoneos;
			};
			name = Debug;
		};
		AC4B582B16DE3F7D004FBB64 /* Release */ = {
			isa = XCBuildConfiguration;
			buildSettings = {
				ALWAYS_SEARCH_USER_PATHS = NO;
				CLANG_CXX_LANGUAGE_STANDARD = "gnu++0x";
				CLANG_CXX_LIBRARY = "libc++";
				CLANG_ENABLE_OBJC_ARC = YES;
				CLANG_WARN_EMPTY_BODY = YES;
				CLANG_WARN__DUPLICATE_METHOD_MATCH = YES;
				"CODE_SIGN_IDENTITY[sdk=iphoneos*]" = "iPhone Developer";
				COPY_PHASE_STRIP = YES;
				GCC_C_LANGUAGE_STANDARD = gnu99;
				GCC_WARN_ABOUT_RETURN_TYPE = YES;
				GCC_WARN_UNINITIALIZED_AUTOS = YES;
				GCC_WARN_UNUSED_VARIABLE = YES;
				IPHONEOS_DEPLOYMENT_TARGET = 6.0;
				OTHER_CFLAGS = "-DNS_BLOCK_ASSERTIONS=1";
				SDKROOT = iphoneos;
				VALIDATE_PRODUCT = YES;
			};
			name = Release;
		};
		AC4B582D16DE3F7D004FBB64 /* Debug */ = {
			isa = XCBuildConfiguration;
			buildSettings = {
				GCC_PRECOMPILE_PREFIX_HEADER = YES;
				GCC_PREFIX_HEADER = "Matchismo/Matchismo-Prefix.pch";
				INFOPLIST_FILE = "Matchismo/Matchismo-Info.plist";
				PRODUCT_NAME = "$(TARGET_NAME)";
				WRAPPER_EXTENSION = app;
			};
			name = Debug;
		};
		AC4B582E16DE3F7D004FBB64 /* Release */ = {
			isa = XCBuildConfiguration;
			buildSettings = {
				GCC_PRECOMPILE_PREFIX_HEADER = YES;
				GCC_PREFIX_HEADER = "Matchismo/Matchismo-Prefix.pch";
				INFOPLIST_FILE = "Matchismo/Matchismo-Info.plist";
				PRODUCT_NAME = "$(TARGET_NAME)";
				WRAPPER_EXTENSION = app;
			};
			name = Release;
		};
/* End XCBuildConfiguration section */

/* Begin XCConfigurationList section */
		AC4B580216DE3F7D004FBB64 /* Build configuration list for PBXProject "Matchismo" */ = {
			isa = XCConfigurationList;
			buildConfigurations = (
				AC4B582A16DE3F7D004FBB64 /* Debug */,
				AC4B582B16DE3F7D004FBB64 /* Release */,
			);
			defaultConfigurationIsVisible = 0;
			defaultConfigurationName = Release;
		};
		AC4B582C16DE3F7D004FBB64 /* Build configuration list for PBXNativeTarget "Matchismo" */ = {
			isa = XCConfigurationList;
			buildConfigurations = (
				AC4B582D16DE3F7D004FBB64 /* Debug */,
				AC4B582E16DE3F7D004FBB64 /* Release */,
			);
			defaultConfigurationIsVisible = 0;
			defaultConfigurationName = Release;
		};
/* End XCConfigurationList section */
	};
	rootObject = AC4B57FF16DE3F7C004FBB64 /* Project object */;
}
